
Microsoft Visual Studio Solution File, Format Version 12.00
# Visual Studio Version 16
VisualStudioVersion = 16.0.30717.126
MinimumVisualStudioVersion = 10.0.40219.1
Project("{FAE04EC0-301F-11D3-BF4B-00C04F79EFBC}") = "Canile", "Canile\Canile.csproj", "{ADDFB335-57B1-435C-9BE9-A9364551330B}"
EndProject
Global
	GlobalSection(SolutionConfigurationPlatforms) = preSolution
		Debug|Any CPU = Debug|Any CPU
		Release|Any CPU = Release|Any CPU
	EndGlobalSection
	GlobalSection(ProjectConfigurationPlatforms) = postSolution
		{ADDFB335-57B1-435C-9BE9-A9364551330B}.Debug|Any CPU.ActiveCfg = Debug|Any CPU
		{ADDFB335-57B1-435C-9BE9-A9364551330B}.Debug|Any CPU.Build.0 = Debug|Any CPU
		{ADDFB335-57B1-435C-9BE9-A9364551330B}.Release|Any CPU.ActiveCfg = Release|Any CPU
		{ADDFB335-57B1-435C-9BE9-A9364551330B}.Release|Any CPU.Build.0 = Release|Any CPU
	EndGlobalSection
	GlobalSection(SolutionProperties) = preSolution
		HideSolutionNode = FALSE
	EndGlobalSection
	GlobalSection(ExtensibilityGlobals) = postSolution
		SolutionGuid = {12CA258C-0FF0-43DB-BE23-0288F2C93C0D}
	EndGlobalSection
EndGlobal
